
Microsoft Visual Studio Solution File, Format Version 12.00
# Visual Studio 15
VisualStudioVersion = 15.0.28307.902
MinimumVisualStudioVersion = 10.0.40219.1
Project("{9A19103F-16F7-4668-BE54-9A1E7A4F7556}") = "SVTank.Domain", "SVTank.Domain\SVTank.Domain.csproj", "{61C632B7-9EDB-49F7-83A4-A865B30A56D4}"
EndProject
Project("{FAE04EC0-301F-11D3-BF4B-00C04F79EFBC}") = "SVTank.Tests", "SVTank.Tests\SVTank.Tests.csproj", "{3B11A7FC-B095-4953-9143-A68682950635}"
EndProject
Project("{FAE04EC0-301F-11D3-BF4B-00C04F79EFBC}") = "SVTank.API", "SVTank.API\SVTank.API.csproj", "{0D88C815-4EBF-470B-9F79-14867A6870E5}"
EndProject
Global
	GlobalSection(SolutionConfigurationPlatforms) = preSolution
		Debug|Any CPU = Debug|Any CPU
		Release|Any CPU = Release|Any CPU
	EndGlobalSection
	GlobalSection(ProjectConfigurationPlatforms) = postSolution
		{61C632B7-9EDB-49F7-83A4-A865B30A56D4}.Debug|Any CPU.ActiveCfg = Debug|Any CPU
		{61C632B7-9EDB-49F7-83A4-A865B30A56D4}.Debug|Any CPU.Build.0 = Debug|Any CPU
		{61C632B7-9EDB-49F7-83A4-A865B30A56D4}.Release|Any CPU.ActiveCfg = Release|Any CPU
		{61C632B7-9EDB-49F7-83A4-A865B30A56D4}.Release|Any CPU.Build.0 = Release|Any CPU
		{3B11A7FC-B095-4953-9143-A68682950635}.Debug|Any CPU.ActiveCfg = Debug|Any CPU
		{3B11A7FC-B095-4953-9143-A68682950635}.Debug|Any CPU.Build.0 = Debug|Any CPU
		{3B11A7FC-B095-4953-9143-A68682950635}.Release|Any CPU.ActiveCfg = Release|Any CPU
		{3B11A7FC-B095-4953-9143-A68682950635}.Release|Any CPU.Build.0 = Release|Any CPU
		{0D88C815-4EBF-470B-9F79-14867A6870E5}.Debug|Any CPU.ActiveCfg = Debug|Any CPU
		{0D88C815-4EBF-470B-9F79-14867A6870E5}.Debug|Any CPU.Build.0 = Debug|Any CPU
		{0D88C815-4EBF-470B-9F79-14867A6870E5}.Release|Any CPU.ActiveCfg = Release|Any CPU
		{0D88C815-4EBF-470B-9F79-14867A6870E5}.Release|Any CPU.Build.0 = Release|Any CPU
	EndGlobalSection
	GlobalSection(SolutionProperties) = preSolution
		HideSolutionNode = FALSE
	EndGlobalSection
	GlobalSection(ExtensibilityGlobals) = postSolution
		SolutionGuid = {8A1B2C57-75BA-463F-B497-8B7BAD03710E}
	EndGlobalSection
EndGlobal
